
Microsoft Visual Studio Solution File, Format Version 12.00
# Visual Studio Version 17
VisualStudioVersion = 17.0.32112.339
MinimumVisualStudioVersion = 10.0.40219.1
Project("{FAE04EC0-301F-11D3-BF4B-00C04F79EFBC}") = "staffapp", "staffapp\staffapp.csproj", "{6377AF90-9D87-4557-BEAC-11EAA739743C}"
EndProject
Global
	GlobalSection(SolutionConfigurationPlatforms) = preSolution
		Debug|Any CPU = Debug|Any CPU
		Release|Any CPU = Release|Any CPU
	EndGlobalSection
	GlobalSection(ProjectConfigurationPlatforms) = postSolution
		{6377AF90-9D87-4557-BEAC-11EAA739743C}.Debug|Any CPU.ActiveCfg = Debug|Any CPU
		{6377AF90-9D87-4557-BEAC-11EAA739743C}.Debug|Any CPU.Build.0 = Debug|Any CPU
		{6377AF90-9D87-4557-BEAC-11EAA739743C}.Release|Any CPU.ActiveCfg = Release|Any CPU
		{6377AF90-9D87-4557-BEAC-11EAA739743C}.Release|Any CPU.Build.0 = Release|Any CPU
	EndGlobalSection
	GlobalSection(SolutionProperties) = preSolution
		HideSolutionNode = FALSE
	EndGlobalSection
	GlobalSection(ExtensibilityGlobals) = postSolution
		SolutionGuid = {11F3A1E7-3B7C-4B88-A820-A6C02F891CF8}
	EndGlobalSection
EndGlobal
